lockfileVersion: '9.0'

settings:
  autoInstallPeers: true
  excludeLinksFromLockfile: false

importers:

  .:
    dependencies:
      validator:
        specifier: ^13.15.35
        version: 13.15.35
    devDependencies:
      '@types/validator':
        specifier: ^13.15.10
        version: 13.15.10
      baseline-browser-mapping:
        specifier: ^2.10.41
        version: 2.10.41

packages:

  '@types/validator@13.15.10':
    resolution: {integrity: sha512-T8L6i7wCuyoK8A/ZeLYt1+q0ty3Zb9+qbSSvrIVitzT3YjZqkTZ40IbRsPanlB4h1QB3JVL1SYCdR6ngtFYcuA==}

  baseline-browser-mapping@2.10.41:
    resolution: {integrity: sha512-WwS7MHhqGHHlaVsqRZnhvCEMS0owDX+SxRlve7JkuH7My1Ara3ZriTmCQupPfYjxMZ8I/tgxtJYr2t7taHaH4A==}
    engines: {node: '>=6.0.0'}
    hasBin: true

  validator@13.15.35:
    resolution: {integrity: sha512-TQ5pAGhd5whStmqWvYF4OjQROlmv9SMFVt37qoCBdqRffuuklWYQlCNnEs2ZaIBD1kZRNnikiZOS1eqgkar0iw==}
    engines: {node: '>= 0.10'}

snapshots:

  '@types/validator@13.15.10': {}

  baseline-browser-mapping@2.10.41: {}

  validator@13.15.35: {}
